
Microsoft Visual Studio Solution File, Format Version 12.00
# Visual Studio Version 17
VisualStudioVersion = 17.10.35004.147
MinimumVisualStudioVersion = 10.0.40219.1
Project("{FAE04EC0-301F-11D3-BF4B-00C04F79EFBC}") = "GGBH_Mod", "GGBH_Mod.csproj", "{A387C74A-4527-4F62-8D99-54CE36FE8802}"
EndProject
Global
	GlobalSection(SolutionConfigurationPlatforms) = preSolution
		Debug|Any CPU = Debug|Any CPU
		Release|Any CPU = Release|Any CPU
	EndGlobalSection
	GlobalSection(ProjectConfigurationPlatforms) = postSolution
		{A387C74A-4527-4F62-8D99-54CE36FE8802}.Debug|Any CPU.ActiveCfg = Release|Any CPU
		{A387C74A-4527-4F62-8D99-54CE36FE8802}.Debug|Any CPU.Build.0 = Release|Any CPU
		{A387C74A-4527-4F62-8D99-54CE36FE8802}.Release|Any CPU.ActiveCfg = Release|Any CPU
		{A387C74A-4527-4F62-8D99-54CE36FE8802}.Release|Any CPU.Build.0 = Release|Any CPU
	EndGlobalSection
	GlobalSection(SolutionProperties) = preSolution
		HideSolutionNode = FALSE
	EndGlobalSection
	GlobalSection(ExtensibilityGlobals) = postSolution
		SolutionGuid = {F7B3665F-E582-4A73-A336-AF8912D448E5}
	EndGlobalSection
EndGlobal
